
Microsoft Visual Studio Solution File, Format Version 12.00
# Visual Studio 15
VisualStudioVersion = 15.0.28010.2026
MinimumVisualStudioVersion = 10.0.40219.1
Project("{8BC9CEB8-8B4A-11D0-8D11-00A0C91BC942}") = "HLSLed", "HLSLed.vcxproj", "{1FF83987-DB36-4B0E-BEA0-2FEE17C36D8E}"
EndProject
Global
	GlobalSection(SolutionConfigurationPlatforms) = preSolution
		Debug|x64 = Debug|x64
		Debug|x86 = Debug|x86
		Release|x64 = Release|x64
		Release|x86 = Release|x86
	EndGlobalSection
	GlobalSection(ProjectConfigurationPlatforms) = postSolution
		{1FF83987-DB36-4B0E-BEA0-2FEE17C36D8E}.Debug|x64.ActiveCfg = Debug|x64
		{1FF83987-DB36-4B0E-BEA0-2FEE17C36D8E}.Debug|x64.Build.0 = Debug|x64
		{1FF83987-DB36-4B0E-BEA0-2FEE17C36D8E}.Debug|x86.ActiveCfg = Debug|Win32
		{1FF83987-DB36-4B0E-BEA0-2FEE17C36D8E}.Debug|x86.Build.0 = Debug|Win32
		{1FF83987-DB36-4B0E-BEA0-2FEE17C36D8E}.Release|x64.ActiveCfg = Release|x64
		{1FF83987-DB36-4B0E-BEA0-2FEE17C36D8E}.Release|x64.Build.0 = Release|x64
		{1FF83987-DB36-4B0E-BEA0-2FEE17C36D8E}.Release|x86.ActiveCfg = Release|Win32
		{1FF83987-DB36-4B0E-BEA0-2FEE17C36D8E}.Release|x86.Build.0 = Release|Win32
	EndGlobalSection
	GlobalSection(SolutionProperties) = preSolution
		HideSolutionNode = FALSE
	EndGlobalSection
	GlobalSection(ExtensibilityGlobals) = postSolution
		SolutionGuid = {0BAE3854-6B6E-41A1-9E72-6A2DA19490CB}
	EndGlobalSection
EndGlobal
